// !$*UTF8*$!
{
	archiveVersion = 1;
	classes = {
	};
	objectVersion = 56;
	objects = {

/* Begin PBXBuildFile section */
		4030B206297665E200A57076 /* SearchBar.swift in Sources */ = {isa = PBXBuildFile; fileRef = 4030B205297665E200A57076 /* SearchBar.swift */; };
		40624B802975741900EEC124 /* HideKeyboard.swift in Sources */ = {isa = PBXBuildFile; fileRef = 40624B7F2975741900EEC124 /* HideKeyboard.swift */; };
		406832BC296EA49400903655 /* NewsGameViewModel.swift in Sources */ = {isa = PBXBuildFile; fileRef = 406832BB296EA49400903655 /* NewsGameViewModel.swift */; };
		406832BF296EA7FF00903655 /* NewsViewController.swift in Sources */ = {isa = PBXBuildFile; fileRef = 406832BE296EA7FF00903655 /* NewsViewController.swift */; };
		406832C2296EA87E00903655 /* NewsTableViewCell.swift in Sources */ = {isa = PBXBuildFile; fileRef = 406832C0296EA87E00903655 /* NewsTableViewCell.swift */; };
		406832C3296EA87E00903655 /* NewsTableViewCell.xib in Resources */ = {isa = PBXBuildFile; fileRef = 406832C1296EA87E00903655 /* NewsTableViewCell.xib */; };
		407168CE296ABE6600813D8B /* GamesDetailsViewController.swift in Sources */ = {isa = PBXBuildFile; fileRef = 407168CD296ABE6600813D8B /* GamesDetailsViewController.swift */; };
		407FE66429642DC600E2E784 /* FavoritesViewController.swift in Sources */ = {isa = PBXBuildFile; fileRef = 407FE66329642DC600E2E784 /* FavoritesViewController.swift */; };
		407FE675296436E900E2E784 /* GamesTableViewCell.swift in Sources */ = {isa = PBXBuildFile; fileRef = 407FE673296436E900E2E784 /* GamesTableViewCell.swift */; };
		407FE676296436E900E2E784 /* GamesTableViewCell.xib in Resources */ = {isa = PBXBuildFile; fileRef = 407FE674296436E900E2E784 /* GamesTableViewCell.xib */; };
		407FE679296446E200E2E784 /* LocalCache.swift in Sources */ = {isa = PBXBuildFile; fileRef = 407FE678296446E200E2E784 /* LocalCache.swift */; };
		407FE67B2964471500E2E784 /* GameViewModel.swift in Sources */ = {isa = PBXBuildFile; fileRef = 407FE67A2964471500E2E784 /* GameViewModel.swift */; };
		40880D9C297555E900689010 /* GradientView.swift in Sources */ = {isa = PBXBuildFile; fileRef = 40880D9B297555E900689010 /* GradientView.swift */; };
		409DC483295C4BC700B9CD31 /* AppDelegate.swift in Sources */ = {isa = PBXBuildFile; fileRef = 409DC482295C4BC700B9CD31 /* AppDelegate.swift */; };
		409DC485295C4BC700B9CD31 /* SceneDelegate.swift in Sources */ = {isa = PBXBuildFile; fileRef = 409DC484295C4BC700B9CD31 /* SceneDelegate.swift */; };
		409DC487295C4BC700B9CD31 /* GamesViewController.swift in Sources */ = {isa = PBXBuildFile; fileRef = 409DC486295C4BC700B9CD31 /* GamesViewController.swift */; };
		409DC48A295C4BC700B9CD31 /* Main.storyboard in Resources */ = {isa = PBXBuildFile; fileRef = 409DC488295C4BC700B9CD31 /* Main.storyboard */; };
		409DC48C295C4BC800B9CD31 /* Assets.xcassets in Resources */ = {isa = PBXBuildFile; fileRef = 409DC48B295C4BC800B9CD31 /* Assets.xcassets */; };
		409DC48F295C4BC800B9CD31 /* LaunchScreen.storyboard in Resources */ = {isa = PBXBuildFile; fileRef = 409DC48D295C4BC800B9CD31 /* LaunchScreen.storyboard */; };
		40C964BB296BD9F7002E0A88 /* FavoritesTableViewCell.swift in Sources */ = {isa = PBXBuildFile; fileRef = 40C964B9296BD9F6002E0A88 /* FavoritesTableViewCell.swift */; };
		40C964BC296BD9F7002E0A88 /* FavoritesTableViewCell.xib in Resources */ = {isa = PBXBuildFile; fileRef = 40C964BA296BD9F7002E0A88 /* FavoritesTableViewCell.xib */; };
		40C964BE296BDC54002E0A88 /* FavoriteViewModel.swift in Sources */ = {isa = PBXBuildFile; fileRef = 40C964BD296BDC54002E0A88 /* FavoriteViewModel.swift */; };
/* End PBXBuildFile section */

/* Begin PBXFileReference section */
		4030B205297665E200A57076 /* SearchBar.swift */ = {isa = PBXFileReference; lastKnownFileType = sourcecode.swift; path = SearchBar.swift; sourceTree = "<group>"; };
		40624B7F2975741900EEC124 /* HideKeyboard.swift */ = {isa = PBXFileReference; lastKnownFileType = sourcecode.swift; path = HideKeyboard.swift; sourceTree = "<group>"; };
		406832BB296EA49400903655 /* NewsGameViewModel.swift */ = {isa = PBXFileReference; fileEncoding = 4; lastKnownFileType = sourcecode.swift; path = NewsGameViewModel.swift; sourceTree = "<group>"; };
		406832BE296EA7FF00903655 /* NewsViewController.swift */ = {isa = PBXFileReference; lastKnownFileType = sourcecode.swift; path = NewsViewController.swift; sourceTree = "<group>"; };
		406832C0296EA87E00903655 /* NewsTableViewCell.swift */ = {isa = PBXFileReference; lastKnownFileType = sourcecode.swift; path = NewsTableViewCell.swift; sourceTree = "<group>"; };
		406832C1296EA87E00903655 /* NewsTableViewCell.xib */ = {isa = PBXFileReference; lastKnownFileType = file.xib; path = NewsTableViewCell.xib; sourceTree = "<group>"; };
		407168CD296ABE6600813D8B /* GamesDetailsViewController.swift */ = {isa = PBXFileReference; lastKnownFileType = sourcecode.swift; path = GamesDetailsViewController.swift; sourceTree = "<group>"; };
		407FE66329642DC600E2E784 /* FavoritesViewController.swift */ = {isa = PBXFileReference; lastKnownFileType = sourcecode.swift; path = FavoritesViewController.swift; sourceTree = "<group>"; };
		407FE673296436E900E2E784 /* GamesTableViewCell.swift */ = {isa = PBXFileReference; lastKnownFileType = sourcecode.swift; path = GamesTableViewCell.swift; sourceTree = "<group>"; };
		407FE674296436E900E2E784 /* GamesTableViewCell.xib */ = {isa = PBXFileReference; lastKnownFileType = file.xib; path = GamesTableViewCell.xib; sourceTree = "<group>"; };
		407FE678296446E200E2E784 /* LocalCache.swift */ = {isa = PBXFileReference; lastKnownFileType = sourcecode.swift; path = LocalCache.swift; sourceTree = "<group>"; };
		407FE67A2964471500E2E784 /* GameViewModel.swift */ = {isa = PBXFileReference; lastKnownFileType = sourcecode.swift; path = GameViewModel.swift; sourceTree = "<group>"; };
		40880D9B297555E900689010 /* GradientView.swift */ = {isa = PBXFileReference; lastKnownFileType = sourcecode.swift; path = GradientView.swift; sourceTree = "<group>"; };
		409DC47F295C4BC700B9CD31 /* steam_app.app */ = {isa = PBXFileReference; explicitFileType = wrapper.application; includeInIndex = 0; path = steam_app.app; sourceTree = BUILT_PRODUCTS_DIR; };
		409DC482295C4BC700B9CD31 /* AppDelegate.swift */ = {isa = PBXFileReference; lastKnownFileType = sourcecode.swift; path = AppDelegate.swift; sourceTree = "<group>"; };
		409DC484295C4BC700B9CD31 /* SceneDelegate.swift */ = {isa = PBXFileReference; lastKnownFileType = sourcecode.swift; path = SceneDelegate.swift; sourceTree = "<group>"; };
		409DC486295C4BC700B9CD31 /* GamesViewController.swift */ = {isa = PBXFileReference; lastKnownFileType = sourcecode.swift; path = GamesViewController.swift; sourceTree = "<group>"; };
		409DC489295C4BC700B9CD31 /* Base */ = {isa = PBXFileReference; lastKnownFileType = file.storyboard; name = Base; path = Base.lproj/Main.storyboard; sourceTree = "<group>"; };
		409DC48B295C4BC800B9CD31 /* Assets.xcassets */ = {isa = PBXFileReference; lastKnownFileType = folder.assetcatalog; path = Assets.xcassets; sourceTree = "<group>"; };
		409DC48E295C4BC800B9CD31 /* Base */ = {isa = PBXFileReference; lastKnownFileType = file.storyboard; name = Base; path = Base.lproj/LaunchScreen.storyboard; sourceTree = "<group>"; };
		409DC490295C4BC800B9CD31 /* Info.plist */ = {isa = PBXFileReference; lastKnownFileType = text.plist.xml; path = Info.plist; sourceTree = "<group>"; };
		40C964B9296BD9F6002E0A88 /* FavoritesTableViewCell.swift */ = {isa = PBXFileReference; lastKnownFileType = sourcecode.swift; path = FavoritesTableViewCell.swift; sourceTree = "<group>"; };
		40C964BA296BD9F7002E0A88 /* FavoritesTableViewCell.xib */ = {isa = PBXFileReference; lastKnownFileType = file.xib; path = FavoritesTableViewCell.xib; sourceTree = "<group>"; };
		40C964BD296BDC54002E0A88 /* FavoriteViewModel.swift */ = {isa = PBXFileReference; lastKnownFileType = sourcecode.swift; path = FavoriteViewModel.swift; sourceTree = "<group>"; };
/* End PBXFileReference section */

/* Begin PBXFrameworksBuildPhase section */
		409DC47C295C4BC700B9CD31 /* Frameworks */ = {
			isa = PBXFrameworksBuildPhase;
			buildActionMask = 2147483647;
			files = (
			);
			runOnlyForDeploymentPostprocessing = 0;
		};
/* End PBXFrameworksBuildPhase section */

/* Begin PBXGroup section */
		406832BD296EA7F000903655 /* News */ = {
			isa = PBXGroup;
			children = (
				406832BE296EA7FF00903655 /* NewsViewController.swift */,
			);
			path = News;
			sourceTree = "<group>";
		};
		406832C4296EA88600903655 /* NewsTableView */ = {
			isa = PBXGroup;
			children = (
				406832C0296EA87E00903655 /* NewsTableViewCell.swift */,
				406832C1296EA87E00903655 /* NewsTableViewCell.xib */,
			);
			path = NewsTableView;
			sourceTree = "<group>";
		};
		406C3D64295DB1C4002275B1 /* controllers */ = {
			isa = PBXGroup;
			children = (
				407168CC296ABE5300813D8B /* Games */,
				407FE66329642DC600E2E784 /* FavoritesViewController.swift */,
				406832BD296EA7F000903655 /* News */,
			);
			path = controllers;
			sourceTree = "<group>";
		};
		407168CC296ABE5300813D8B /* Games */ = {
			isa = PBXGroup;
			children = (
				409DC486295C4BC700B9CD31 /* GamesViewController.swift */,
				407168CD296ABE6600813D8B /* GamesDetailsViewController.swift */,
			);
			path = Games;
			sourceTree = "<group>";
		};
		407FE6702964367900E2E784 /* GamesTableView */ = {
			isa = PBXGroup;
			children = (
				407FE673296436E900E2E784 /* GamesTableViewCell.swift */,
				407FE674296436E900E2E784 /* GamesTableViewCell.xib */,
			);
			path = GamesTableView;
			sourceTree = "<group>";
		};
		407FE677296446D000E2E784 /* LocalCache */ = {
			isa = PBXGroup;
			children = (
				407FE678296446E200E2E784 /* LocalCache.swift */,
				407FE67A2964471500E2E784 /* GameViewModel.swift */,
				40C964BD296BDC54002E0A88 /* FavoriteViewModel.swift */,
				406832BB296EA49400903655 /* NewsGameViewModel.swift */,
			);
			path = LocalCache;
			sourceTree = "<group>";
		};
		40880D9A297555B300689010 /* views */ = {
			isa = PBXGroup;
			children = (
				407FE6702964367900E2E784 /* GamesTableView */,
				40C964B8296BD9CF002E0A88 /* FavoritesTableView */,
				406832C4296EA88600903655 /* NewsTableView */,
				40880D9B297555E900689010 /* GradientView.swift */,
			);
			path = views;
			sourceTree = "<group>";
		};
		409DC476295C4BC700B9CD31 = {
			isa = PBXGroup;
			children = (
				409DC481295C4BC700B9CD31 /* steam_app */,
				409DC480295C4BC700B9CD31 /* Products */,
			);
			sourceTree = "<group>";
		};
		409DC480295C4BC700B9CD31 /* Products */ = {
			isa = PBXGroup;
			children = (
				409DC47F295C4BC700B9CD31 /* steam_app.app */,
			);
			name = Products;
			sourceTree = "<group>";
		};
		409DC481295C4BC700B9CD31 /* steam_app */ = {
			isa = PBXGroup;
			children = (
				409DC482295C4BC700B9CD31 /* AppDelegate.swift */,
				409DC484295C4BC700B9CD31 /* SceneDelegate.swift */,
				40624B7F2975741900EEC124 /* HideKeyboard.swift */,
				4030B205297665E200A57076 /* SearchBar.swift */,
				407FE677296446D000E2E784 /* LocalCache */,
				40880D9A297555B300689010 /* views */,
				406C3D64295DB1C4002275B1 /* controllers */,
				409DC488295C4BC700B9CD31 /* Main.storyboard */,
				409DC48B295C4BC800B9CD31 /* Assets.xcassets */,
				409DC48D295C4BC800B9CD31 /* LaunchScreen.storyboard */,
				409DC490295C4BC800B9CD31 /* Info.plist */,
			);
			path = steam_app;
			sourceTree = "<group>";
		};
		40C964B8296BD9CF002E0A88 /* FavoritesTableView */ = {
			isa = PBXGroup;
			children = (
				40C964B9296BD9F6002E0A88 /* FavoritesTableViewCell.swift */,
				40C964BA296BD9F7002E0A88 /* FavoritesTableViewCell.xib */,
			);
			path = FavoritesTableView;
			sourceTree = "<group>";
		};
/* End PBXGroup section */

/* Begin PBXNativeTarget section */
		409DC47E295C4BC700B9CD31 /* steam_app */ = {
			isa = PBXNativeTarget;
			buildConfigurationList = 409DC493295C4BC800B9CD31 /* Build configuration list for PBXNativeTarget "steam_app" */;
			buildPhases = (
				409DC47B295C4BC700B9CD31 /* Sources */,
				409DC47C295C4BC700B9CD31 /* Frameworks */,
				409DC47D295C4BC700B9CD31 /* Resources */,
			);
			buildRules = (
			);
			dependencies = (
			);
			name = steam_app;
			productName = steam_app;
			productReference = 409DC47F295C4BC700B9CD31 /* steam_app.app */;
			productType = "com.apple.product-type.application";
		};
/* End PBXNativeTarget section */

/* Begin PBXProject section */
		409DC477295C4BC700B9CD31 /* Project object */ = {
			isa = PBXProject;
			attributes = {
				BuildIndependentTargetsInParallel = 1;
				LastSwiftUpdateCheck = 1420;
				LastUpgradeCheck = 1420;
				TargetAttributes = {
					409DC47E295C4BC700B9CD31 = {
						CreatedOnToolsVersion = 14.2;
					};
				};
			};
			buildConfigurationList = 409DC47A295C4BC700B9CD31 /* Build configuration list for PBXProject "steam_app" */;
			compatibilityVersion = "Xcode 14.0";
			developmentRegion = en;
			hasScannedForEncodings = 0;
			knownRegions = (
				en,
				Base,
			);
			mainGroup = 409DC476295C4BC700B9CD31;
			productRefGroup = 409DC480295C4BC700B9CD31 /* Products */;
			projectDirPath = "";
			projectRoot = "";
			targets = (
				409DC47E295C4BC700B9CD31 /* steam_app */,
			);
		};
/* End PBXProject section */

/* Begin PBXResourcesBuildPhase section */
		409DC47D295C4BC700B9CD31 /* Resources */ = {
			isa = PBXResourcesBuildPhase;
			buildActionMask = 2147483647;
			files = (
				409DC48F295C4BC800B9CD31 /* LaunchScreen.storyboard in Resources */,
				409DC48C295C4BC800B9CD31 /* Assets.xcassets in Resources */,
				409DC48A295C4BC700B9CD31 /* Main.storyboard in Resources */,
				40C964BC296BD9F7002E0A88 /* FavoritesTableViewCell.xib in Resources */,
				406832C3296EA87E00903655 /* NewsTableViewCell.xib in Resources */,
				407FE676296436E900E2E784 /* GamesTableViewCell.xib in Resources */,
			);
			runOnlyForDeploymentPostprocessing = 0;
		};
/* End PBXResourcesBuildPhase section */

/* Begin PBXSourcesBuildPhase section */
		409DC47B295C4BC700B9CD31 /* Sources */ = {
			isa = PBXSourcesBuildPhase;
			buildActionMask = 2147483647;
			files = (
				409DC487295C4BC700B9CD31 /* GamesViewController.swift in Sources */,
				40C964BB296BD9F7002E0A88 /* FavoritesTableViewCell.swift in Sources */,
				4030B206297665E200A57076 /* SearchBar.swift in Sources */,
				40624B802975741900EEC124 /* HideKeyboard.swift in Sources */,
				407FE675296436E900E2E784 /* GamesTableViewCell.swift in Sources */,
				40880D9C297555E900689010 /* GradientView.swift in Sources */,
				406832BF296EA7FF00903655 /* NewsViewController.swift in Sources */,
				406832C2296EA87E00903655 /* NewsTableViewCell.swift in Sources */,
				406832BC296EA49400903655 /* NewsGameViewModel.swift in Sources */,
				409DC483295C4BC700B9CD31 /* AppDelegate.swift in Sources */,
				407FE66429642DC600E2E784 /* FavoritesViewController.swift in Sources */,
				407FE67B2964471500E2E784 /* GameViewModel.swift in Sources */,
				407FE679296446E200E2E784 /* LocalCache.swift in Sources */,
				407168CE296ABE6600813D8B /* GamesDetailsViewController.swift in Sources */,
				40C964BE296BDC54002E0A88 /* FavoriteViewModel.swift in Sources */,
				409DC485295C4BC700B9CD31 /* SceneDelegate.swift in Sources */,
			);
			runOnlyForDeploymentPostprocessing = 0;
		};
/* End PBXSourcesBuildPhase section */

/* Begin PBXVariantGroup section */
		409DC488295C4BC700B9CD31 /* Main.storyboard */ = {
			isa = PBXVariantGroup;
			children = (
				409DC489295C4BC700B9CD31 /* Base */,
			);
			name = Main.storyboard;
			sourceTree = "<group>";
		};
		409DC48D295C4BC800B9CD31 /* LaunchScreen.storyboard */ = {
			isa = PBXVariantGroup;
			children = (
				409DC48E295C4BC800B9CD31 /* Base */,
			);
			name = LaunchScreen.storyboard;
			sourceTree = "<group>";
		};
/* End PBXVariantGroup section */

/* Begin XCBuildConfiguration section */
		409DC491295C4BC800B9CD31 /* Debug */ = {
			isa = XCBuildConfiguration;
			buildSettings = {
				ALWAYS_SEARCH_USER_PATHS = NO;
				CLANG_ANALYZER_NONNULL = YES;
				CLANG_ANALYZER_NUMBER_OBJECT_CONVERSION = YES_AGGRESSIVE;
				CLANG_CXX_LANGUAGE_STANDARD = "gnu++20";
				CLANG_ENABLE_MODULES = YES;
				CLANG_ENABLE_OBJC_ARC = YES;
				CLANG_ENABLE_OBJC_WEAK = YES;
				CLANG_WARN_BLOCK_CAPTURE_AUTORELEASING = YES;
				CLANG_WARN_BOOL_CONVERSION = YES;
				CLANG_WARN_COMMA = YES;
				CLANG_WARN_CONSTANT_CONVERSION = YES;
				CLANG_WARN_DEPRECATED_OBJC_IMPLEMENTATIONS = YES;
				CLANG_WARN_DIRECT_OBJC_ISA_USAGE = YES_ERROR;
				CLANG_WARN_DOCUMENTATION_COMMENTS = YES;
				CLANG_WARN_EMPTY_BODY = YES;
				CLANG_WARN_ENUM_CONVERSION = YES;
				CLANG_WARN_INFINITE_RECURSION = YES;
				CLANG_WARN_INT_CONVERSION = YES;
				CLANG_WARN_NON_LITERAL_NULL_CONVERSION = YES;
				CLANG_WARN_OBJC_IMPLICIT_RETAIN_SELF = YES;
				CLANG_WARN_OBJC_LITERAL_CONVERSION = YES;
				CLANG_WARN_OBJC_ROOT_CLASS = YES_ERROR;
				CLANG_WARN_QUOTED_INCLUDE_IN_FRAMEWORK_HEADER = YES;
				CLANG_WARN_RANGE_LOOP_ANALYSIS = YES;
				CLANG_WARN_STRICT_PROTOTYPES = YES;
				CLANG_WARN_SUSPICIOUS_MOVE = YES;
				CLANG_WARN_UNGUARDED_AVAILABILITY = YES_AGGRESSIVE;
				CLANG_WARN_UNREACHABLE_CODE = YES;
				CLANG_WARN__DUPLICATE_METHOD_MATCH = YES;
				COPY_PHASE_STRIP = NO;
				DEBUG_INFORMATION_FORMAT = dwarf;
				ENABLE_STRICT_OBJC_MSGSEND = YES;
				ENABLE_TESTABILITY = YES;
				GCC_C_LANGUAGE_STANDARD = gnu11;
				GCC_DYNAMIC_NO_PIC = NO;
				GCC_NO_COMMON_BLOCKS = YES;
				GCC_OPTIMIZATION_LEVEL = 0;
				GCC_PREPROCESSOR_DEFINITIONS = (
					"DEBUG=1",
					"$(inherited)",
				);
				GCC_WARN_64_TO_32_BIT_CONVERSION = YES;
				GCC_WARN_ABOUT_RETURN_TYPE = YES_ERROR;
				GCC_WARN_UNDECLARED_SELECTOR = YES;
				GCC_WARN_UNINITIALIZED_AUTOS = YES_AGGRESSIVE;
				GCC_WARN_UNUSED_FUNCTION = YES;
				GCC_WARN_UNUSED_VARIABLE = YES;
				IPHONEOS_DEPLOYMENT_TARGET = 16.2;
				MTL_ENABLE_DEBUG_INFO = INCLUDE_SOURCE;
				MTL_FAST_MATH = YES;
				ONLY_ACTIVE_ARCH = YES;
				SDKROOT = iphoneos;
				SWIFT_ACTIVE_COMPILATION_CONDITIONS = DEBUG;
				SWIFT_OPTIMIZATION_LEVEL = "-Onone";
			};
			name = Debug;
		};
		409DC492295C4BC800B9CD31 /* Release */ = {
			isa = XCBuildConfiguration;
			buildSettings = {
				ALWAYS_SEARCH_USER_PATHS = NO;
				CLANG_ANALYZER_NONNULL = YES;
				CLANG_ANALYZER_NUMBER_OBJECT_CONVERSION = YES_AGGRESSIVE;
				CLANG_CXX_LANGUAGE_STANDARD = "gnu++20";
				CLANG_ENABLE_MODULES = YES;
				CLANG_ENABLE_OBJC_ARC = YES;
				CLANG_ENABLE_OBJC_WEAK = YES;
				CLANG_WARN_BLOCK_CAPTURE_AUTORELEASING = YES;
				CLANG_WARN_BOOL_CONVERSION = YES;
				CLANG_WARN_COMMA = YES;
				CLANG_WARN_CONSTANT_CONVERSION = YES;
				CLANG_WARN_DEPRECATED_OBJC_IMPLEMENTATIONS = YES;
				CLANG_WARN_DIRECT_OBJC_ISA_USAGE = YES_ERROR;
				CLANG_WARN_DOCUMENTATION_COMMENTS = YES;
				CLANG_WARN_EMPTY_BODY = YES;
				CLANG_WARN_ENUM_CONVERSION = YES;
				CLANG_WARN_INFINITE_RECURSION = YES;
				CLANG_WARN_INT_CONVERSION = YES;
				CLANG_WARN_NON_LITERAL_NULL_CONVERSION = YES;
				CLANG_WARN_OBJC_IMPLICIT_RETAIN_SELF = YES;
				CLANG_WARN_OBJC_LITERAL_CONVERSION = YES;
				CLANG_WARN_OBJC_ROOT_CLASS = YES_ERROR;
				CLANG_WARN_QUOTED_INCLUDE_IN_FRAMEWORK_HEADER = YES;
				CLANG_WARN_RANGE_LOOP_ANALYSIS = YES;
				CLANG_WARN_STRICT_PROTOTYPES = YES;
				CLANG_WARN_SUSPICIOUS_MOVE = YES;
				CLANG_WARN_UNGUARDED_AVAILABILITY = YES_AGGRESSIVE;
				CLANG_WARN_UNREACHABLE_CODE = YES;
				CLANG_WARN__DUPLICATE_METHOD_MATCH = YES;
				COPY_PHASE_STRIP = NO;
				DEBUG_INFORMATION_FORMAT = "dwarf-with-dsym";
				ENABLE_NS_ASSERTIONS = NO;
				ENABLE_STRICT_OBJC_MSGSEND = YES;
				GCC_C_LANGUAGE_STANDARD = gnu11;
				GCC_NO_COMMON_BLOCKS = YES;
				GCC_WARN_64_TO_32_BIT_CONVERSION = YES;
				GCC_WARN_ABOUT_RETURN_TYPE = YES_ERROR;
				GCC_WARN_UNDECLARED_SELECTOR = YES;
				GCC_WARN_UNINITIALIZED_AUTOS = YES_AGGRESSIVE;
				GCC_WARN_UNUSED_FUNCTION = YES;
				GCC_WARN_UNUSED_VARIABLE = YES;
				IPHONEOS_DEPLOYMENT_TARGET = 16.2;
				MTL_ENABLE_DEBUG_INFO = NO;
				MTL_FAST_MATH = YES;
				SDKROOT = iphoneos;
				SWIFT_COMPILATION_MODE = wholemodule;
				SWIFT_OPTIMIZATION_LEVEL = "-O";
				VALIDATE_PRODUCT = YES;
			};
			name = Release;
		};
		409DC494295C4BC800B9CD31 /* Debug */ = {
			isa = XCBuildConfiguration;
			buildSettings = {
				ASSETCATALOG_COMPILER_APPICON_NAME = AppIcon;
				ASSETCATALOG_COMPILER_GLOBAL_ACCENT_COLOR_NAME = AccentColor;
				CODE_SIGN_STYLE = Automatic;
				CURRENT_PROJECT_VERSION = 1;
				GENERATE_INFOPLIST_FILE = YES;
				INFOPLIST_FILE = steam_app/Info.plist;
				INFOPLIST_KEY_UIApplicationSupportsIndirectInputEvents = YES;
				INFOPLIST_KEY_UILaunchStoryboardName = LaunchScreen;
				INFOPLIST_KEY_UIMainStoryboardFile = Main;
				INFOPLIST_KEY_UISupportedInterfaceOrientations_iPad = "UIInterfaceOrientationPortrait UIInterfaceOrientationPortraitUpsideDown UIInterfaceOrientationLandscapeLeft UIInterfaceOrientationLandscapeRight";
				INFOPLIST_KEY_UISupportedInterfaceOrientations_iPhone = "UIInterfaceOrientationPortrait UIInterfaceOrientationLandscapeLeft UIInterfaceOrientationLandscapeRight";
				LD_RUNPATH_SEARCH_PATHS = (
					"$(inherited)",
					"@executable_path/Frameworks",
				);
				MARKETING_VERSION = 1.0;
				PRODUCT_BUNDLE_IDENTIFIER = "com.khumoyiddin.steam-app";
				PRODUCT_NAME = "$(TARGET_NAME)";
				SWIFT_EMIT_LOC_STRINGS = YES;
				SWIFT_VERSION = 5.0;
				TARGETED_DEVICE_FAMILY = "1,2";
			};
			name = Debug;
		};
		409DC495295C4BC800B9CD31 /* Release */ = {
			isa = XCBuildConfiguration;
			buildSettings = {
				ASSETCATALOG_COMPILER_APPICON_NAME = AppIcon;
				ASSETCATALOG_COMPILER_GLOBAL_ACCENT_COLOR_NAME = AccentColor;
				CODE_SIGN_STYLE = Automatic;
				CURRENT_PROJECT_VERSION = 1;
				GENERATE_INFOPLIST_FILE = YES;
				INFOPLIST_FILE = steam_app/Info.plist;
				INFOPLIST_KEY_UIApplicationSupportsIndirectInputEvents = YES;
				INFOPLIST_KEY_UILaunchStoryboardName = LaunchScreen;
				INFOPLIST_KEY_UIMainStoryboardFile = Main;
				INFOPLIST_KEY_UISupportedInterfaceOrientations_iPad = "UIInterfaceOrientationPortrait UIInterfaceOrientationPortraitUpsideDown UIInterfaceOrientationLandscapeLeft UIInterfaceOrientationLandscapeRight";
				INFOPLIST_KEY_UISupportedInterfaceOrientations_iPhone = "UIInterfaceOrientationPortrait UIInterfaceOrientationLandscapeLeft UIInterfaceOrientationLandscapeRight";
				LD_RUNPATH_SEARCH_PATHS = (
					"$(inherited)",
					"@executable_path/Frameworks",
				);
				MARKETING_VERSION = 1.0;
				PRODUCT_BUNDLE_IDENTIFIER = "com.khumoyiddin.steam-app";
				PRODUCT_NAME = "$(TARGET_NAME)";
				SWIFT_EMIT_LOC_STRINGS = YES;
				SWIFT_VERSION = 5.0;
				TARGETED_DEVICE_FAMILY = "1,2";
			};
			name = Release;
		};
/* End XCBuildConfiguration section */

/* Begin XCConfigurationList section */
		409DC47A295C4BC700B9CD31 /* Build configuration list for PBXProject "steam_app" */ = {
			isa = XCConfigurationList;
			buildConfigurations = (
				409DC491295C4BC800B9CD31 /* Debug */,
				409DC492295C4BC800B9CD31 /* Release */,
			);
			defaultConfigurationIsVisible = 0;
			defaultConfigurationName = Release;
		};
		409DC493295C4BC800B9CD31 /* Build configuration list for PBXNativeTarget "steam_app" */ = {
			isa = XCConfigurationList;
			buildConfigurations = (
				409DC494295C4BC800B9CD31 /* Debug */,
				409DC495295C4BC800B9CD31 /* Release */,
			);
			defaultConfigurationIsVisible = 0;
			defaultConfigurationName = Release;
		};
/* End XCConfigurationList section */
	};
	rootObject = 409DC477295C4BC700B9CD31 /* Project object */;
}
